
Microsoft Visual Studio Solution File, Format Version 12.00
# Visual Studio 15
VisualStudioVersion = 15.0.27703.2026
MinimumVisualStudioVersion = 10.0.40219.1
Project("{FAE04EC0-301F-11D3-BF4B-00C04F79EFBC}") = "ClientTesterConsole", "ServerClientTesterConsole\ClientTesterConsole.csproj", "{2CC30802-5E3C-44AC-972A-8E08D24FB6C7}"
EndProject
Project("{FAE04EC0-301F-11D3-BF4B-00C04F79EFBC}") = "ServerTester", "ServerTester\ServerTester.csproj", "{C79F5D19-1DF2-43F9-996C-AEA1347AAFA4}"
EndProject
Project("{FAE04EC0-301F-11D3-BF4B-00C04F79EFBC}") = "EventLib", "EventLib\EventLib.csproj", "{7FFA1720-45EC-41E4-BAD4-4D9618B2B7B2}"
EndProject
Global
	GlobalSection(SolutionConfigurationPlatforms) = preSolution
		Debug|Any CPU = Debug|Any CPU
		Release|Any CPU = Release|Any CPU
	EndGlobalSection
	GlobalSection(ProjectConfigurationPlatforms) = postSolution
		{2CC30802-5E3C-44AC-972A-8E08D24FB6C7}.Debug|Any CPU.ActiveCfg = Debug|Any CPU
		{2CC30802-5E3C-44AC-972A-8E08D24FB6C7}.Debug|Any CPU.Build.0 = Debug|Any CPU
		{2CC30802-5E3C-44AC-972A-8E08D24FB6C7}.Release|Any CPU.ActiveCfg = Release|Any CPU
		{2CC30802-5E3C-44AC-972A-8E08D24FB6C7}.Release|Any CPU.Build.0 = Release|Any CPU
		{C79F5D19-1DF2-43F9-996C-AEA1347AAFA4}.Debug|Any CPU.ActiveCfg = Debug|Any CPU
		{C79F5D19-1DF2-43F9-996C-AEA1347AAFA4}.Debug|Any CPU.Build.0 = Debug|Any CPU
		{C79F5D19-1DF2-43F9-996C-AEA1347AAFA4}.Release|Any CPU.ActiveCfg = Release|Any CPU
		{C79F5D19-1DF2-43F9-996C-AEA1347AAFA4}.Release|Any CPU.Build.0 = Release|Any CPU
		{7FFA1720-45EC-41E4-BAD4-4D9618B2B7B2}.Debug|Any CPU.ActiveCfg = Debug|Any CPU
		{7FFA1720-45EC-41E4-BAD4-4D9618B2B7B2}.Debug|Any CPU.Build.0 = Debug|Any CPU
		{7FFA1720-45EC-41E4-BAD4-4D9618B2B7B2}.Release|Any CPU.ActiveCfg = Release|Any CPU
		{7FFA1720-45EC-41E4-BAD4-4D9618B2B7B2}.Release|Any CPU.Build.0 = Release|Any CPU
	EndGlobalSection
	GlobalSection(SolutionProperties) = preSolution
		HideSolutionNode = FALSE
	EndGlobalSection
	GlobalSection(ExtensibilityGlobals) = postSolution
		SolutionGuid = {43035FF0-227F-4BC4-A5EF-0F709B980A45}
	EndGlobalSection
EndGlobal
